<?xml version="1.0"?>
<CONFIG>
  <ProjectOptions>
    <Version Value="7"/>
    <General>
      <Flags>
        <LRSInOutputDirectory Value="False"/>
      </Flags>
      <MainUnit Value="0"/>
      <TargetFileExt Value=""/>
      <Title Value="mocca"/>
      <UseAppBundle Value="False"/>
      <ActiveEditorIndexAtStart Value="4"/>
    </General>
    <VersionInfo>
      <ProjectVersion Value=""/>
    </VersionInfo>
    <PublishOptions>
      <Version Value="2"/>
      <IgnoreBinaries Value="False"/>
      <IncludeFileFilter Value="*.(pas|pp|inc|lfm|lpr|lrs|lpi|lpk|sh|xml)"/>
      <ExcludeFileFilter Value="*.(bak|ppu|ppw|o|so);*~;backup"/>
    </PublishOptions>
    <RunParams>
      <local>
        <FormatVersion Value="1"/>
        <LaunchingApplication PathPlusParams="/usr/X11R6/bin/xterm -T 'Lazarus Run Output' -e $(LazarusDir)/tools/runwait.sh $(TargetCmdLine)"/>
      </local>
    </RunParams>
    <RequiredPackages Count="2">
      <Item1>
        <PackageName Value="LCL"/>
      </Item1>
      <Item2>
        <PackageName Value="LazOpenGLContext"/>
        <MinVersion Valid="True"/>
      </Item2>
    </RequiredPackages>
    <Units Count="68">
      <Unit0>
        <Filename Value="mocca.lpr"/>
        <IsPartOfProject Value="True"/>
        <UnitName Value="mocca"/>
        <CursorPos X="14" Y="42"/>
        <TopLine Value="1"/>
        <EditorIndex Value="1"/>
        <UsageCount Value="205"/>
        <Loaded Value="True"/>
      </Unit0>
      <Unit1>
        <Filename Value="mocmain.pas"/>
        <IsPartOfProject Value="True"/>
        <ComponentName Value="MainForm"/>
        <ResourceBaseClass Value="Form"/>
        <UnitName Value="mocmain"/>
        <CursorPos X="31" Y="128"/>
        <TopLine Value="105"/>
        <EditorIndex Value="7"/>
        <UsageCount Value="205"/>
        <Loaded Value="True"/>
      </Unit1>
      <Unit2>
        <Filename Value="emc2pas.pas"/>
        <IsPartOfProject Value="True"/>
        <UnitName Value="emc2pas"/>
        <CursorPos X="22" Y="212"/>
        <TopLine Value="198"/>
        <UsageCount Value="205"/>
      </Unit2>
      <Unit3>
        <Filename Value="../emcpas.cc"/>
        <CursorPos X="12" Y="224"/>
        <TopLine Value="193"/>
        <UsageCount Value="5"/>
        <SyntaxHighlighter Value="C++"/>
      </Unit3>
      <Unit4>
        <Filename Value="../emcpas.h"/>
        <CursorPos X="40" Y="72"/>
        <TopLine Value="53"/>
        <UsageCount Value="5"/>
        <SyntaxHighlighter Value="C++"/>
      </Unit4>
      <Unit5>
        <Filename Value="mocemc.pas"/>
        <IsPartOfProject Value="True"/>
        <UnitName Value="mocemc"/>
        <CursorPos X="10" Y="257"/>
        <TopLine Value="1"/>
        <EditorIndex Value="0"/>
        <UsageCount Value="200"/>
        <Loaded Value="True"/>
      </Unit5>
      <Unit6>
        <Filename Value="../../emc2-dev/src/emc/usr_intf/touchy/emc_interface.py"/>
        <CursorPos X="23" Y="60"/>
        <TopLine Value="7"/>
        <UsageCount Value="7"/>
        <SyntaxHighlighter Value="Python"/>
      </Unit6>
      <Unit7>
        <Filename Value="../mocca_main.lfm"/>
        <CursorPos X="43" Y="4"/>
        <TopLine Value="1"/>
        <UsageCount Value="4"/>
        <SyntaxHighlighter Value="LFM"/>
      </Unit7>
      <Unit8>
        <Filename Value="../../emc2-dev/src/emc/usr_intf/touchy/touchy.py"/>
        <CursorPos X="32" Y="1"/>
        <TopLine Value="1"/>
        <UsageCount Value="4"/>
        <SyntaxHighlighter Value="Python"/>
      </Unit8>
      <Unit9>
        <Filename Value="../preview/dropanel.pas"/>
        <UnitName Value="DroPanel"/>
        <CursorPos X="6" Y="13"/>
        <TopLine Value="1"/>
        <UsageCount Value="4"/>
      </Unit9>
      <Unit10>
        <Filename Value="../../../../usr/lib/lazarus/lcl/extctrls.pp"/>
        <UnitName Value="ExtCtrls"/>
        <CursorPos X="16" Y="1149"/>
        <TopLine Value="1124"/>
        <UsageCount Value="4"/>
      </Unit10>
      <Unit11>
        <Filename Value="../../../../usr/share/fpcsrc/rtl/objpas/sysutils/osutilsh.inc"/>
        <CursorPos X="11" Y="25"/>
        <TopLine Value="1"/>
        <UsageCount Value="5"/>
      </Unit11>
      <Unit12>
        <Filename Value="../../emc2-dev/src/emc/usr_intf/xemc.cc"/>
        <CursorPos X="15" Y="1736"/>
        <TopLine Value="1744"/>
        <UsageCount Value="8"/>
        <SyntaxHighlighter Value="C++"/>
      </Unit12>
      <Unit13>
        <Filename Value="mocstatusdlg.pas"/>
        <IsPartOfProject Value="True"/>
        <ComponentName Value="StatusDlgForm"/>
        <UnitName Value="mocstatusdlg"/>
        <CursorPos X="6" Y="108"/>
        <TopLine Value="1"/>
        <UsageCount Value="200"/>
      </Unit13>
      <Unit14>
        <Filename Value="../../../../usr/share/fpcsrc/rtl/objpas/sysutils/syspchh.inc"/>
        <CursorPos X="10" Y="25"/>
        <TopLine Value="1"/>
        <UsageCount Value="4"/>
      </Unit14>
      <Unit15>
        <Filename Value="../../../../usr/share/fpcsrc/rtl/objpas/sysutils/sysstrh.inc"/>
        <CursorPos X="10" Y="74"/>
        <TopLine Value="48"/>
        <UsageCount Value="3"/>
      </Unit15>
      <Unit16>
        <Filename Value="homedlg.pas"/>
        <ComponentName Value="HomeDlgForm"/>
        <UnitName Value="HomeDlg"/>
        <CursorPos X="12" Y="55"/>
        <TopLine Value="55"/>
        <UsageCount Value="32"/>
      </Unit16>
      <Unit17>
        <Filename Value="../../../../usr/lib/lazarus/lcl/controls.pp"/>
        <UnitName Value="Controls"/>
        <CursorPos X="19" Y="1401"/>
        <TopLine Value="1365"/>
        <UsageCount Value="4"/>
      </Unit17>
      <Unit18>
        <Filename Value="softbuttons.pas"/>
        <UnitName Value="softbuttons"/>
        <CursorPos X="1" Y="18"/>
        <TopLine Value="1"/>
        <UsageCount Value="47"/>
      </Unit18>
      <Unit19>
        <Filename Value="../../../../usr/lib/lazarus/lcl/buttons.pp"/>
        <UnitName Value="Buttons"/>
        <CursorPos X="3" Y="288"/>
        <TopLine Value="1"/>
        <UsageCount Value="4"/>
      </Unit19>
      <Unit20>
        <Filename Value="preview.pas"/>
        <UnitName Value="preview"/>
        <CursorPos X="12" Y="1"/>
        <TopLine Value="1"/>
        <UsageCount Value="44"/>
      </Unit20>
      <Unit21>
        <Filename Value="moctask.pas"/>
        <UnitName Value="moctask"/>
        <CursorPos X="3" Y="11"/>
        <TopLine Value="1"/>
        <UsageCount Value="4"/>
      </Unit21>
      <Unit22>
        <Filename Value="emcpas.cc"/>
        <CursorPos X="1" Y="287"/>
        <TopLine Value="235"/>
        <UsageCount Value="29"/>
        <SyntaxHighlighter Value="C++"/>
      </Unit22>
      <Unit23>
        <Filename Value="mocjoints.pas"/>
        <IsPartOfProject Value="True"/>
        <UnitName Value="mocjoints"/>
        <CursorPos X="3" Y="88"/>
        <TopLine Value="65"/>
        <UsageCount Value="202"/>
      </Unit23>
      <Unit24>
        <Filename Value="../../../../usr/share/fpcsrc/rtl/objpas/classes/classesh.inc"/>
        <CursorPos X="22" Y="472"/>
        <TopLine Value="483"/>
        <UsageCount Value="5"/>
      </Unit24>
      <Unit25>
        <Filename Value="moc_hal.pas"/>
        <UnitName Value="moc_hal"/>
        <CursorPos X="52" Y="31"/>
        <TopLine Value="1"/>
        <UsageCount Value="79"/>
      </Unit25>
      <Unit26>
        <Filename Value="moc_haldlg.pas"/>
        <ComponentName Value="HalForm"/>
        <UnitName Value="moc_haldlg"/>
        <CursorPos X="39" Y="46"/>
        <TopLine Value="3"/>
        <UsageCount Value="79"/>
      </Unit26>
      <Unit27>
        <Filename Value="../../../../usr/share/fpcsrc/rtl/unix/cwstring.pp"/>
        <UnitName Value="cwstring"/>
        <CursorPos X="1" Y="384"/>
        <TopLine Value="338"/>
        <UsageCount Value="5"/>
      </Unit27>
      <Unit28>
        <Filename Value="sim.pas"/>
        <UnitName Value="sim"/>
        <CursorPos X="11" Y="143"/>
        <TopLine Value="85"/>
        <UsageCount Value="72"/>
      </Unit28>
      <Unit29>
        <Filename Value="linecode.pas"/>
        <UnitName Value="linecode"/>
        <CursorPos X="1" Y="13"/>
        <TopLine Value="1"/>
        <UsageCount Value="72"/>
      </Unit29>
      <Unit30>
        <Filename Value="../sim/unit1.pas"/>
        <ComponentName Value="Form1"/>
        <HasResources Value="True"/>
        <UnitName Value="Unit1"/>
        <CursorPos X="32" Y="30"/>
        <TopLine Value="15"/>
        <UsageCount Value="3"/>
      </Unit30>
      <Unit31>
        <Filename Value="../sim/project1"/>
        <CursorPos X="1" Y="1"/>
        <TopLine Value="1"/>
        <UsageCount Value="9"/>
        <SyntaxHighlighter Value="None"/>
      </Unit31>
      <Unit32>
        <Filename Value="mocglb.pas"/>
        <IsPartOfProject Value="True"/>
        <UnitName Value="mocglb"/>
        <CursorPos X="5" Y="93"/>
        <TopLine Value="80"/>
        <EditorIndex Value="9"/>
        <UsageCount Value="202"/>
        <Loaded Value="True"/>
      </Unit32>
      <Unit33>
        <Filename Value="moctypes.pas"/>
        <UnitName Value="moctypes"/>
        <CursorPos X="1" Y="4"/>
        <TopLine Value="1"/>
        <UsageCount Value="52"/>
      </Unit33>
      <Unit34>
        <Filename Value="mocconsts.pas"/>
        <UnitName Value="mocconsts"/>
        <CursorPos X="1" Y="7"/>
        <TopLine Value="1"/>
        <UsageCount Value="52"/>
      </Unit34>
      <Unit35>
        <Filename Value="mocini.pas"/>
        <IsPartOfProject Value="True"/>
        <UnitName Value="mocini"/>
        <CursorPos X="18" Y="287"/>
        <TopLine Value="247"/>
        <EditorIndex Value="10"/>
        <UsageCount Value="202"/>
        <Loaded Value="True"/>
      </Unit35>
      <Unit36>
        <Filename Value="mocca.inc"/>
        <IsPartOfProject Value="True"/>
        <CursorPos X="1" Y="8"/>
        <TopLine Value="1"/>
        <UsageCount Value="200"/>
      </Unit36>
      <Unit37>
        <Filename Value="../../../../usr/lib/lazarus/lcl/comctrls.pp"/>
        <UnitName Value="ComCtrls"/>
        <CursorPos X="29" Y="225"/>
        <TopLine Value="204"/>
        <UsageCount Value="4"/>
      </Unit37>
      <Unit38>
        <Filename Value="../../../../usr/lib/lazarus/lcl/include/pagecontrol.inc"/>
        <CursorPos X="1" Y="1"/>
        <TopLine Value="1"/>
        <UsageCount Value="4"/>
      </Unit38>
      <Unit39>
        <Filename Value="../../../../usr/lib/lazarus/lcl/include/customnotebook.inc"/>
        <CursorPos X="56" Y="256"/>
        <TopLine Value="23"/>
        <UsageCount Value="5"/>
      </Unit39>
      <Unit40>
        <Filename Value="../../../../usr/lib/lazarus/lcl/interfaces/gtk/gtkpagecallback.inc"/>
        <CursorPos X="4" Y="41"/>
        <TopLine Value="14"/>
        <UsageCount Value="1"/>
      </Unit40>
      <Unit41>
        <Filename Value="../../../../usr/lib/lazarus/lcl/interfaces/gtk/gtkcallback.inc"/>
        <CursorPos X="6" Y="2669"/>
        <TopLine Value="2801"/>
        <UsageCount Value="2"/>
      </Unit41>
      <Unit42>
        <Filename Value="jogclient.pas"/>
        <IsPartOfProject Value="True"/>
        <ComponentName Value="JogClientForm"/>
        <ResourceBaseClass Value="Form"/>
        <UnitName Value="jogclient"/>
        <CursorPos X="13" Y="120"/>
        <TopLine Value="79"/>
        <EditorIndex Value="8"/>
        <UsageCount Value="200"/>
        <Loaded Value="True"/>
      </Unit42>
      <Unit43>
        <Filename Value="runclient.pas"/>
        <IsPartOfProject Value="True"/>
        <ComponentName Value="RunClientForm"/>
        <ResourceBaseClass Value="Form"/>
        <UnitName Value="runclient"/>
        <CursorPos X="23" Y="292"/>
        <TopLine Value="261"/>
        <EditorIndex Value="3"/>
        <UsageCount Value="200"/>
        <Loaded Value="True"/>
      </Unit43>
      <Unit44>
        <Filename Value="mdiclient.pas"/>
        <IsPartOfProject Value="True"/>
        <ComponentName Value="MDIClientForm"/>
        <ResourceBaseClass Value="Form"/>
        <UnitName Value="mdiclient"/>
        <CursorPos X="3" Y="174"/>
        <TopLine Value="146"/>
        <EditorIndex Value="4"/>
        <UsageCount Value="200"/>
        <Loaded Value="True"/>
      </Unit44>
      <Unit45>
        <Filename Value="simclient.pas"/>
        <IsPartOfProject Value="True"/>
        <ComponentName Value="SimClientForm"/>
        <ResourceBaseClass Value="Form"/>
        <UnitName Value="simclient"/>
        <CursorPos X="18" Y="94"/>
        <TopLine Value="67"/>
        <EditorIndex Value="6"/>
        <UsageCount Value="200"/>
        <Loaded Value="True"/>
      </Unit45>
      <Unit46>
        <Filename Value="../tests/preview1.pas"/>
        <ComponentName Value="Form1"/>
        <HasResources Value="True"/>
        <UnitName Value="preview1"/>
        <CursorPos X="19" Y="9"/>
        <TopLine Value="1"/>
        <UsageCount Value="4"/>
      </Unit46>
      <Unit47>
        <Filename Value="gllist.pas"/>
        <IsPartOfProject Value="True"/>
        <UnitName Value="gllist"/>
        <CursorPos X="21" Y="1"/>
        <TopLine Value="1"/>
        <UsageCount Value="186"/>
      </Unit47>
      <Unit48>
        <Filename Value="glview.pas"/>
        <IsPartOfProject Value="True"/>
        <UnitName Value="glview"/>
        <CursorPos X="6" Y="429"/>
        <TopLine Value="388"/>
        <EditorIndex Value="5"/>
        <UsageCount Value="186"/>
        <Loaded Value="True"/>
      </Unit48>
      <Unit49>
        <Filename Value="glcanon.pas"/>
        <IsPartOfProject Value="True"/>
        <UnitName Value="glcanon"/>
        <CursorPos X="142" Y="5"/>
        <TopLine Value="1"/>
        <UsageCount Value="186"/>
      </Unit49>
      <Unit50>
        <Filename Value="../pv/glclient.pas"/>
        <ComponentName Value="Form1"/>
        <HasResources Value="True"/>
        <UnitName Value="glclient"/>
        <CursorPos X="30" Y="63"/>
        <TopLine Value="1"/>
        <UsageCount Value="3"/>
      </Unit50>
      <Unit51>
        <Filename Value="../../../../usr/share/fpcsrc/packages/extra/opengl/glu.pp"/>
        <UnitName Value="GLu"/>
        <CursorPos X="38" Y="124"/>
        <TopLine Value="103"/>
        <UsageCount Value="4"/>
      </Unit51>
      <Unit52>
        <Filename Value="../../emc2/configs/sim/mocca.ini"/>
        <CursorPos X="28" Y="26"/>
        <TopLine Value="1"/>
        <UsageCount Value="3"/>
        <SyntaxHighlighter Value="None"/>
      </Unit52>
      <Unit53>
        <Filename Value="../../emc2/configs/sim/xemc.ini"/>
        <CursorPos X="48" Y="10"/>
        <TopLine Value="13"/>
        <UsageCount Value="3"/>
        <SyntaxHighlighter Value="None"/>
      </Unit53>
      <Unit54>
        <Filename Value="simcanon.cc"/>
        <CursorPos X="16" Y="67"/>
        <TopLine Value="1"/>
        <UsageCount Value="21"/>
        <SyntaxHighlighter Value="C++"/>
      </Unit54>
      <Unit55>
        <Filename Value="glview_old.pas"/>
        <UnitName Value="glview"/>
        <CursorPos X="32" Y="95"/>
        <TopLine Value="73"/>
        <UsageCount Value="3"/>
      </Unit55>
      <Unit56>
        <Filename Value="../../emc2/configs/sim/axis_mm.ini"/>
        <CursorPos X="1" Y="35"/>
        <TopLine Value="9"/>
        <UsageCount Value="5"/>
        <SyntaxHighlighter Value="None"/>
      </Unit56>
      <Unit57>
        <Filename Value="../../../../usr/share/fpcsrc/rtl/inc/varianth.inc"/>
        <CursorPos X="10" Y="455"/>
        <TopLine Value="426"/>
        <UsageCount Value="3"/>
      </Unit57>
      <Unit58>
        <Filename Value="touchoff.pas"/>
        <ComponentName Value="Form1"/>
        <ResourceBaseClass Value="Form"/>
        <UnitName Value="touchoff"/>
        <CursorPos X="24" Y="41"/>
        <TopLine Value="14"/>
        <UsageCount Value="14"/>
      </Unit58>
      <Unit59>
        <Filename Value="../../../../usr/share/fpcsrc/2.2.4/rtl/inc/varianth.inc"/>
        <CursorPos X="10" Y="457"/>
        <TopLine Value="431"/>
        <UsageCount Value="3"/>
      </Unit59>
      <Unit60>
        <Filename Value="../../../../usr/share/fpcsrc/2.2.4/rtl/objpas/sysutils/sysstrh.inc"/>
        <CursorPos X="16" Y="205"/>
        <TopLine Value="164"/>
        <UsageCount Value="9"/>
      </Unit60>
      <Unit61>
        <Filename Value="editordlg.pas"/>
        <IsPartOfProject Value="True"/>
        <ComponentName Value="EditorDlg"/>
        <ResourceBaseClass Value="Form"/>
        <UnitName Value="editordlg"/>
        <CursorPos X="13" Y="11"/>
        <TopLine Value="1"/>
        <UsageCount Value="139"/>
      </Unit61>
      <Unit62>
        <Filename Value="../../../../usr/lib/lazarus/0.9.28.2/lcl/forms.pp"/>
        <UnitName Value="Forms"/>
        <CursorPos X="21" Y="54"/>
        <TopLine Value="34"/>
        <UsageCount Value="7"/>
      </Unit62>
      <Unit63>
        <Filename Value="offsetdlg.pas"/>
        <IsPartOfProject Value="True"/>
        <ComponentName Value="OffsetsDlg"/>
        <ResourceBaseClass Value="Form"/>
        <UnitName Value="offsetdlg"/>
        <CursorPos X="71" Y="194"/>
        <TopLine Value="189"/>
        <EditorIndex Value="2"/>
        <UsageCount Value="123"/>
        <Loaded Value="True"/>
      </Unit63>
      <Unit64>
        <Filename Value="../../../../usr/share/fpcsrc/2.2.4/rtl/objpas/classes/classesh.inc"/>
        <CursorPos X="23" Y="704"/>
        <TopLine Value="654"/>
        <UsageCount Value="6"/>
      </Unit64>
      <Unit65>
        <Filename Value="emcpas.h"/>
        <CursorPos X="7" Y="4"/>
        <TopLine Value="1"/>
        <UsageCount Value="6"/>
        <SyntaxHighlighter Value="C++"/>
      </Unit65>
      <Unit66>
        <Filename Value="../../mocca.1/src/simcanon.cc"/>
        <CursorPos X="47" Y="16"/>
        <TopLine Value="1"/>
        <UsageCount Value="7"/>
        <SyntaxHighlighter Value="C++"/>
      </Unit66>
      <Unit67>
        <Filename Value="../../emc2/configs/sim/sim_mm.var"/>
        <CursorPos X="1" Y="1"/>
        <TopLine Value="1"/>
        <UsageCount Value="11"/>
        <SyntaxHighlighter Value="None"/>
      </Unit67>
    </Units>
    <JumpHistory Count="30" HistoryIndex="29">
      <Position1>
        <Filename Value="offsetdlg.pas"/>
        <Caret Line="188" Column="13" TopLine="168"/>
      </Position1>
      <Position2>
        <Filename Value="offsetdlg.pas"/>
        <Caret Line="41" Column="1" TopLine="7"/>
      </Position2>
      <Position3>
        <Filename Value="offsetdlg.pas"/>
        <Caret Line="77" Column="12" TopLine="59"/>
      </Position3>
      <Position4>
        <Filename Value="offsetdlg.pas"/>
        <Caret Line="84" Column="5" TopLine="63"/>
      </Position4>
      <Position5>
        <Filename Value="offsetdlg.pas"/>
        <Caret Line="208" Column="5" TopLine="193"/>
      </Position5>
      <Position6>
        <Filename Value="offsetdlg.pas"/>
        <Caret Line="26" Column="44" TopLine="10"/>
      </Position6>
      <Position7>
        <Filename Value="offsetdlg.pas"/>
        <Caret Line="25" Column="44" TopLine="10"/>
      </Position7>
      <Position8>
        <Filename Value="offsetdlg.pas"/>
        <Caret Line="24" Column="44" TopLine="10"/>
      </Position8>
      <Position9>
        <Filename Value="offsetdlg.pas"/>
        <Caret Line="23" Column="44" TopLine="10"/>
      </Position9>
      <Position10>
        <Filename Value="offsetdlg.pas"/>
        <Caret Line="38" Column="71" TopLine="10"/>
      </Position10>
      <Position11>
        <Filename Value="offsetdlg.pas"/>
        <Caret Line="58" Column="6" TopLine="39"/>
      </Position11>
      <Position12>
        <Filename Value="mdiclient.pas"/>
        <Caret Line="38" Column="25" TopLine="31"/>
      </Position12>
      <Position13>
        <Filename Value="mdiclient.pas"/>
        <Caret Line="37" Column="25" TopLine="31"/>
      </Position13>
      <Position14>
        <Filename Value="simclient.pas"/>
        <Caret Line="115" Column="13" TopLine="85"/>
      </Position14>
      <Position15>
        <Filename Value="simclient.pas"/>
        <Caret Line="97" Column="24" TopLine="78"/>
      </Position15>
      <Position16>
        <Filename Value="simclient.pas"/>
        <Caret Line="98" Column="24" TopLine="78"/>
      </Position16>
      <Position17>
        <Filename Value="simclient.pas"/>
        <Caret Line="97" Column="24" TopLine="78"/>
      </Position17>
      <Position18>
        <Filename Value="simclient.pas"/>
        <Caret Line="96" Column="24" TopLine="78"/>
      </Position18>
      <Position19>
        <Filename Value="simclient.pas"/>
        <Caret Line="80" Column="63" TopLine="78"/>
      </Position19>
      <Position20>
        <Filename Value="simclient.pas"/>
        <Caret Line="116" Column="8" TopLine="85"/>
      </Position20>
      <Position21>
        <Filename Value="simclient.pas"/>
        <Caret Line="105" Column="1" TopLine="79"/>
      </Position21>
      <Position22>
        <Filename Value="mdiclient.pas"/>
        <Caret Line="116" Column="5" TopLine="76"/>
      </Position22>
      <Position23>
        <Filename Value="mdiclient.pas"/>
        <Caret Line="22" Column="14" TopLine="7"/>
      </Position23>
      <Position24>
        <Filename Value="mdiclient.pas"/>
        <Caret Line="23" Column="14" TopLine="1"/>
      </Position24>
      <Position25>
        <Filename Value="mdiclient.pas"/>
        <Caret Line="172" Column="21" TopLine="135"/>
      </Position25>
      <Position26>
        <Filename Value="mdiclient.pas"/>
        <Caret Line="170" Column="38" TopLine="145"/>
      </Position26>
      <Position27>
        <Filename Value="mdiclient.pas"/>
        <Caret Line="177" Column="28" TopLine="149"/>
      </Position27>
      <Position28>
        <Filename Value="mdiclient.pas"/>
        <Caret Line="194" Column="32" TopLine="149"/>
      </Position28>
      <Position29>
        <Filename Value="mdiclient.pas"/>
        <Caret Line="112" Column="3" TopLine="105"/>
      </Position29>
      <Position30>
        <Filename Value="mdiclient.pas"/>
        <Caret Line="194" Column="7" TopLine="150"/>
      </Position30>
    </JumpHistory>
  </ProjectOptions>
  <CompilerOptions>
    <Version Value="8"/>
    <SearchPaths>
      <Libraries Value="/home/gtom/emc/lib/;/home/gtom/mocca/lib/"/>
      <UnitOutputDirectory Value="/home/gtom/mocca/lib"/>
      <LCLWidgetType Value="gtk2"/>
    </SearchPaths>
    <Parsing>
      <SyntaxOptions>
        <UseAnsiStrings Value="True"/>
      </SyntaxOptions>
    </Parsing>
    <CodeGeneration>
      <SmartLinkUnit Value="True"/>
      <TargetOS Value="Linux"/>
    </CodeGeneration>
    <Linking>
      <Debugging>
        <UseLineInfoUnit Value="False"/>
      </Debugging>
      <LinkSmart Value="True"/>
    </Linking>
    <Other>
      <CompilerPath Value="$(CompPath)"/>
    </Other>
  </CompilerOptions>
  <Debugging>
    <Exceptions Count="2">
      <Item1>
        <Name Value="ECodetoolError"/>
      </Item1>
      <Item2>
        <Name Value="EFOpenError"/>
      </Item2>
    </Exceptions>
  </Debugging>
</CONFIG>
