<?xml version="1.0"?>
<CONFIG>
  <ProjectOptions>
    <PathDelim Value="/"/>
    <Version Value="6"/>
    <General>
      <MainUnit Value="0"/>
      <IconPath Value="./"/>
      <TargetFileExt Value=""/>
      <ActiveEditorIndexAtStart Value="1"/>
    </General>
    <VersionInfo>
      <ProjectVersion Value=""/>
    </VersionInfo>
    <PublishOptions>
      <Version Value="2"/>
      <IgnoreBinaries Value="False"/>
      <IncludeFileFilter Value="*.(pas|pp|inc|lfm|lpr|lrs|lpi|lpk|sh|xml)"/>
      <ExcludeFileFilter Value="*.(bak|ppu|ppw|o|so);*~;backup"/>
    </PublishOptions>
    <RunParams>
      <local>
        <FormatVersion Value="1"/>
        <LaunchingApplication PathPlusParams="/usr/X11R6/bin/xterm -T 'Lazarus Run Output' -e $(LazarusDir)/tools/runwait.sh $(TargetCmdLine)"/>
      </local>
    </RunParams>
    <RequiredPackages Count="2">
      <Item1>
        <PackageName Value="LCL"/>
      </Item1>
      <Item2>
        <PackageName Value="LazOpenGLContext"/>
        <MinVersion Valid="True"/>
      </Item2>
    </RequiredPackages>
    <Units Count="23">
      <Unit0>
        <Filename Value="preview.lpr"/>
        <IsPartOfProject Value="True"/>
        <UnitName Value="preview"/>
        <CursorPos X="1" Y="25"/>
        <TopLine Value="1"/>
        <EditorIndex Value="2"/>
        <UsageCount Value="133"/>
        <Loaded Value="True"/>
      </Unit0>
      <Unit1>
        <Filename Value="preview1.pas"/>
        <ComponentName Value="Form1"/>
        <IsPartOfProject Value="True"/>
        <ResourceFilename Value="preview1.lrs"/>
        <UnitName Value="preview1"/>
        <CursorPos X="18" Y="180"/>
        <TopLine Value="4"/>
        <EditorIndex Value="0"/>
        <UsageCount Value="133"/>
        <Loaded Value="True"/>
      </Unit1>
      <Unit2>
        <Filename Value="../../rs274/test.pas"/>
        <UnitName Value="test"/>
        <CursorPos X="8" Y="9"/>
        <TopLine Value="1"/>
        <UsageCount Value="1"/>
      </Unit2>
      <Unit3>
        <Filename Value="sim.pas"/>
        <UnitName Value="sim"/>
        <CursorPos X="18" Y="86"/>
        <TopLine Value="67"/>
        <EditorIndex Value="1"/>
        <UsageCount Value="60"/>
        <Loaded Value="True"/>
      </Unit3>
      <Unit4>
        <Filename Value="/usr/share/fpcsrc/rtl/objpas/classes/classesh.inc"/>
        <CursorPos X="3" Y="193"/>
        <TopLine Value="180"/>
        <UsageCount Value="4"/>
      </Unit4>
      <Unit5>
        <Filename Value="../../emc/src/emc/rs274ngc/rs274ngc_errors.cc"/>
        <CursorPos X="19" Y="38"/>
        <TopLine Value="1"/>
        <UsageCount Value="1"/>
        <SyntaxHighlighter Value="C++"/>
      </Unit5>
      <Unit6>
        <Filename Value="../../emc/nc_files/arcspiral.ngc"/>
        <CursorPos X="11" Y="9"/>
        <TopLine Value="1"/>
        <UsageCount Value="1"/>
        <SyntaxHighlighter Value="None"/>
      </Unit6>
      <Unit7>
        <Filename Value="../../rs274/simcanon.cc"/>
        <CursorPos X="31" Y="3"/>
        <TopLine Value="1"/>
        <UsageCount Value="2"/>
        <SyntaxHighlighter Value="C++"/>
      </Unit7>
      <Unit8>
        <Filename Value="../../rs274/sim.pas"/>
        <UnitName Value="sim"/>
        <CursorPos X="14" Y="3"/>
        <TopLine Value="1"/>
        <UsageCount Value="1"/>
      </Unit8>
      <Unit9>
        <Filename Value="../../rs274/sim.pas~"/>
        <CursorPos X="1" Y="1"/>
        <TopLine Value="1"/>
        <UsageCount Value="1"/>
        <SyntaxHighlighter Value="None"/>
      </Unit9>
      <Unit10>
        <Filename Value="/usr/share/fpcsrc/rtl/inc/compproc.inc"/>
        <CursorPos X="10" Y="131"/>
        <TopLine Value="1"/>
        <UsageCount Value="1"/>
      </Unit10>
      <Unit11>
        <Filename Value="/usr/share/fpcsrc/rtl/objpas/sysutils/sysinth.inc"/>
        <CursorPos X="3" Y="138"/>
        <TopLine Value="21"/>
        <UsageCount Value="3"/>
      </Unit11>
      <Unit12>
        <Filename Value="linecode.pas"/>
        <UnitName Value="linecode"/>
        <CursorPos X="30" Y="97"/>
        <TopLine Value="1"/>
        <EditorIndex Value="3"/>
        <UsageCount Value="55"/>
        <Loaded Value="True"/>
      </Unit12>
      <Unit13>
        <Filename Value="test.pas"/>
        <UnitName Value="test"/>
        <CursorPos X="1" Y="5"/>
        <TopLine Value="1"/>
        <UsageCount Value="7"/>
      </Unit13>
      <Unit14>
        <Filename Value="/usr/share/fpcsrc/rtl/inc/heaph.inc"/>
        <CursorPos X="68" Y="97"/>
        <TopLine Value="51"/>
        <UsageCount Value="4"/>
      </Unit14>
      <Unit15>
        <Filename Value="moc_preview.pas"/>
        <UnitName Value="moc_preview"/>
        <CursorPos X="73" Y="86"/>
        <TopLine Value="38"/>
        <UsageCount Value="3"/>
      </Unit15>
      <Unit16>
        <Filename Value="../src/mocca.inc"/>
        <CursorPos X="1" Y="1"/>
        <TopLine Value="1"/>
        <UsageCount Value="4"/>
      </Unit16>
      <Unit17>
        <Filename Value="../src/simmodule.cc"/>
        <CursorPos X="26" Y="615"/>
        <TopLine Value="613"/>
        <UsageCount Value="28"/>
        <SyntaxHighlighter Value="C++"/>
      </Unit17>
      <Unit18>
        <Filename Value="../src/sim.pas"/>
        <UnitName Value="sim"/>
        <CursorPos X="1" Y="1"/>
        <TopLine Value="15"/>
        <UsageCount Value="8"/>
      </Unit18>
      <Unit19>
        <Filename Value="/usr/lib/lazarus/lcl/interfaces/fpgui/fpguiint.pp"/>
        <UnitName Value="fpguiint"/>
        <CursorPos X="17" Y="46"/>
        <TopLine Value="19"/>
        <UsageCount Value="8"/>
      </Unit19>
      <Unit20>
        <Filename Value="sim_mm.tbl"/>
        <CursorPos X="10" Y="7"/>
        <TopLine Value="1"/>
        <UsageCount Value="8"/>
        <SyntaxHighlighter Value="None"/>
      </Unit20>
      <Unit21>
        <Filename Value="glcanon.pas"/>
        <UnitName Value="glcanon"/>
        <CursorPos X="15" Y="7"/>
        <TopLine Value="1"/>
        <UsageCount Value="9"/>
      </Unit21>
      <Unit22>
        <Filename Value="../src/simcanon.cc"/>
        <CursorPos X="1" Y="1"/>
        <TopLine Value="1"/>
        <UsageCount Value="10"/>
        <SyntaxHighlighter Value="C++"/>
      </Unit22>
    </Units>
    <JumpHistory Count="6" HistoryIndex="5">
      <Position1>
        <Filename Value="preview.lpr"/>
        <Caret Line="7" Column="25" TopLine="1"/>
      </Position1>
      <Position2>
        <Filename Value="sim.pas"/>
        <Caret Line="70" Column="1" TopLine="51"/>
      </Position2>
      <Position3>
        <Filename Value="sim.pas"/>
        <Caret Line="69" Column="26" TopLine="51"/>
      </Position3>
      <Position4>
        <Filename Value="sim.pas"/>
        <Caret Line="79" Column="32" TopLine="52"/>
      </Position4>
      <Position5>
        <Filename Value="sim.pas"/>
        <Caret Line="87" Column="12" TopLine="65"/>
      </Position5>
      <Position6>
        <Filename Value="sim.pas"/>
        <Caret Line="86" Column="49" TopLine="65"/>
      </Position6>
    </JumpHistory>
  </ProjectOptions>
  <CompilerOptions>
    <Version Value="5"/>
    <SearchPaths>
      <IncludeFiles Value="/home/gtom/emc/lib/"/>
      <Libraries Value="/home/gtom/emc/lib/"/>
      <OtherUnitFiles Value="/home/gtom/emc/lib/"/>
      <SrcPath Value="/home/gtom/emc/lib/"/>
    </SearchPaths>
    <Parsing>
      <SyntaxOptions>
        <CStyleOperator Value="False"/>
        <IncludeAssertionCode Value="True"/>
        <AllowLabel Value="False"/>
        <CPPInline Value="False"/>
        <UseAnsiStrings Value="True"/>
      </SyntaxOptions>
    </Parsing>
    <CodeGeneration>
      <Optimizations>
        <OptimizationLevel Value="0"/>
      </Optimizations>
      <TargetOS Value="Linux"/>
    </CodeGeneration>
    <Linking>
      <Debugging>
        <UseLineInfoUnit Value="False"/>
      </Debugging>
    </Linking>
    <Other>
      <Verbosity>
        <ShowNotes Value="False"/>
        <ShowHints Value="False"/>
        <ShowGenInfo Value="False"/>
        <ShowUsedFiles Value="True"/>
        <ShowCompProc Value="True"/>
      </Verbosity>
      <WriteFPCLogo Value="False"/>
      <CompilerPath Value="$(CompPath)"/>
    </Other>
  </CompilerOptions>
  <Debugging>
    <Exceptions Count="2">
      <Item1>
        <Name Value="ECodetoolError"/>
      </Item1>
      <Item2>
        <Name Value="EFOpenError"/>
      </Item2>
    </Exceptions>
  </Debugging>
</CONFIG>
