<?xml version="1.0"?>
<CONFIG>
  <ProjectOptions>
    <PathDelim Value="/"/>
    <Version Value="6"/>
    <General>
      <MainUnit Value="0"/>
      <IconPath Value="./"/>
      <TargetFileExt Value=""/>
      <UseAppBundle Value="False"/>
      <ActiveEditorIndexAtStart Value="0"/>
    </General>
    <VersionInfo>
      <ProjectVersion Value=""/>
    </VersionInfo>
    <PublishOptions>
      <Version Value="2"/>
      <IgnoreBinaries Value="False"/>
      <IncludeFileFilter Value="*.(pas|pp|inc|lfm|lpr|lrs|lpi|lpk|sh|xml)"/>
      <ExcludeFileFilter Value="*.(bak|ppu|ppw|o|so);*~;backup"/>
    </PublishOptions>
    <RunParams>
      <local>
        <FormatVersion Value="1"/>
        <LaunchingApplication PathPlusParams="/usr/X11R6/bin/xterm -T 'Lazarus Run Output' -e $(LazarusDir)/tools/runwait.sh $(TargetCmdLine)"/>
      </local>
    </RunParams>
    <RequiredPackages Count="1">
      <Item1>
        <PackageName Value="LCL"/>
      </Item1>
    </RequiredPackages>
    <Units Count="19">
      <Unit0>
        <Filename Value="mocca.lpr"/>
        <IsPartOfProject Value="True"/>
        <UnitName Value="mocca"/>
        <CursorPos X="9" Y="18"/>
        <TopLine Value="1"/>
        <UsageCount Value="97"/>
      </Unit0>
      <Unit1>
        <Filename Value="mocca_main.pas"/>
        <ComponentName Value="MainForm"/>
        <IsPartOfProject Value="True"/>
        <ResourceFilename Value="mocca_main.lrs"/>
        <UnitName Value="mocca_main"/>
        <CursorPos X="29" Y="404"/>
        <TopLine Value="377"/>
        <EditorIndex Value="0"/>
        <UsageCount Value="97"/>
        <Loaded Value="True"/>
      </Unit1>
      <Unit2>
        <Filename Value="emc2pas.pas"/>
        <IsPartOfProject Value="True"/>
        <UnitName Value="emc2pas"/>
        <CursorPos X="53" Y="123"/>
        <TopLine Value="90"/>
        <UsageCount Value="97"/>
      </Unit2>
      <Unit3>
        <Filename Value="emcpas.cc"/>
        <CursorPos X="26" Y="43"/>
        <TopLine Value="43"/>
        <UsageCount Value="11"/>
        <SyntaxHighlighter Value="C++"/>
      </Unit3>
      <Unit4>
        <Filename Value="emcpas.h"/>
        <CursorPos X="40" Y="72"/>
        <TopLine Value="53"/>
        <UsageCount Value="11"/>
        <SyntaxHighlighter Value="C++"/>
      </Unit4>
      <Unit5>
        <Filename Value="../Pas/emcpas.hh"/>
        <CursorPos X="1" Y="1"/>
        <TopLine Value="1"/>
        <UsageCount Value="9"/>
        <SyntaxHighlighter Value="C++"/>
      </Unit5>
      <Unit6>
        <Filename Value="../Pas/emcpas.h"/>
        <CursorPos X="27" Y="30"/>
        <TopLine Value="1"/>
        <UsageCount Value="9"/>
        <SyntaxHighlighter Value="C++"/>
      </Unit6>
      <Unit7>
        <Filename Value="../emc2-dev/tcl/emc.tcl"/>
        <CursorPos X="3" Y="7"/>
        <TopLine Value="6"/>
        <UsageCount Value="9"/>
        <SyntaxHighlighter Value="None"/>
      </Unit7>
      <Unit8>
        <Filename Value="../emc2-dev/tcl/mini.tcl"/>
        <CursorPos X="4" Y="172"/>
        <TopLine Value="160"/>
        <UsageCount Value="9"/>
        <SyntaxHighlighter Value="None"/>
      </Unit8>
      <Unit9>
        <Filename Value="mocglobal.pas"/>
        <IsPartOfProject Value="True"/>
        <UnitName Value="mocglobal"/>
        <CursorPos X="7" Y="125"/>
        <TopLine Value="109"/>
        <EditorIndex Value="1"/>
        <UsageCount Value="91"/>
        <Loaded Value="True"/>
      </Unit9>
      <Unit10>
        <Filename Value="../emc2-dev/tcl/tkemc.tcl"/>
        <CursorPos X="19" Y="167"/>
        <TopLine Value="616"/>
        <UsageCount Value="9"/>
        <SyntaxHighlighter Value="None"/>
      </Unit10>
      <Unit11>
        <Filename Value="/usr/lib/lazarus/lcl/stdctrls.pp"/>
        <UnitName Value="StdCtrls"/>
        <CursorPos X="34" Y="31"/>
        <TopLine Value="27"/>
        <UsageCount Value="9"/>
      </Unit11>
      <Unit12>
        <Filename Value="../emc2-dev/src/emc/usr_intf/touchy/emc_interface.py"/>
        <CursorPos X="23" Y="60"/>
        <TopLine Value="7"/>
        <UsageCount Value="13"/>
        <SyntaxHighlighter Value="Python"/>
      </Unit12>
      <Unit13>
        <Filename Value="mocca_main.lfm"/>
        <CursorPos X="43" Y="4"/>
        <TopLine Value="1"/>
        <UsageCount Value="10"/>
        <SyntaxHighlighter Value="LFM"/>
      </Unit13>
      <Unit14>
        <Filename Value="../emc2-dev/src/emc/usr_intf/touchy/touchy.py"/>
        <CursorPos X="32" Y="1"/>
        <TopLine Value="1"/>
        <UsageCount Value="10"/>
        <SyntaxHighlighter Value="Python"/>
      </Unit14>
      <Unit15>
        <Filename Value="preview/dropanel.pas"/>
        <UnitName Value="DroPanel"/>
        <CursorPos X="6" Y="13"/>
        <TopLine Value="1"/>
        <UsageCount Value="10"/>
      </Unit15>
      <Unit16>
        <Filename Value="/usr/lib/lazarus/lcl/extctrls.pp"/>
        <UnitName Value="ExtCtrls"/>
        <CursorPos X="8" Y="1053"/>
        <TopLine Value="1022"/>
        <UsageCount Value="10"/>
      </Unit16>
      <Unit17>
        <Filename Value="/usr/share/fpcsrc/rtl/objpas/sysutils/osutilsh.inc"/>
        <CursorPos X="13" Y="10"/>
        <TopLine Value="10"/>
        <UsageCount Value="10"/>
      </Unit17>
      <Unit18>
        <Filename Value="../emc2-dev/src/emc/usr_intf/xemc.cc"/>
        <CursorPos X="15" Y="1736"/>
        <TopLine Value="1744"/>
        <UsageCount Value="14"/>
        <SyntaxHighlighter Value="C++"/>
      </Unit18>
    </Units>
    <JumpHistory Count="18" HistoryIndex="17">
      <Position1>
        <Filename Value="mocca_main.pas"/>
        <Caret Line="97" Column="46" TopLine="96"/>
      </Position1>
      <Position2>
        <Filename Value="mocca_main.pas"/>
        <Caret Line="384" Column="15" TopLine="382"/>
      </Position2>
      <Position3>
        <Filename Value="mocca_main.pas"/>
        <Caret Line="98" Column="50" TopLine="97"/>
      </Position3>
      <Position4>
        <Filename Value="mocca_main.pas"/>
        <Caret Line="334" Column="5" TopLine="294"/>
      </Position4>
      <Position5>
        <Filename Value="mocca_main.pas"/>
        <Caret Line="421" Column="1" TopLine="421"/>
      </Position5>
      <Position6>
        <Filename Value="mocca_main.pas"/>
        <Caret Line="131" Column="18" TopLine="108"/>
      </Position6>
      <Position7>
        <Filename Value="mocca_main.pas"/>
        <Caret Line="398" Column="46" TopLine="391"/>
      </Position7>
      <Position8>
        <Filename Value="mocca_main.pas"/>
        <Caret Line="429" Column="12" TopLine="402"/>
      </Position8>
      <Position9>
        <Filename Value="mocca_main.pas"/>
        <Caret Line="466" Column="14" TopLine="439"/>
      </Position9>
      <Position10>
        <Filename Value="mocca_main.pas"/>
        <Caret Line="469" Column="42" TopLine="442"/>
      </Position10>
      <Position11>
        <Filename Value="mocca_main.pas"/>
        <Caret Line="8" Column="17" TopLine="1"/>
      </Position11>
      <Position12>
        <Filename Value="mocca_main.pas"/>
        <Caret Line="55" Column="14" TopLine="28"/>
      </Position12>
      <Position13>
        <Filename Value="mocca_main.pas"/>
        <Caret Line="123" Column="23" TopLine="96"/>
      </Position13>
      <Position14>
        <Filename Value="mocca_main.pas"/>
        <Caret Line="257" Column="29" TopLine="230"/>
      </Position14>
      <Position15>
        <Filename Value="mocca_main.pas"/>
        <Caret Line="261" Column="20" TopLine="234"/>
      </Position15>
      <Position16>
        <Filename Value="mocca_main.pas"/>
        <Caret Line="149" Column="3" TopLine="135"/>
      </Position16>
      <Position17>
        <Filename Value="mocca_main.pas"/>
        <Caret Line="445" Column="2" TopLine="418"/>
      </Position17>
      <Position18>
        <Filename Value="mocca_main.pas"/>
        <Caret Line="129" Column="33" TopLine="91"/>
      </Position18>
    </JumpHistory>
  </ProjectOptions>
  <CompilerOptions>
    <Version Value="5"/>
    <SearchPaths>
      <OtherUnitFiles Value="$(LazarusDir)/lcl/units/$(TargetCPU)-$(TargetOS)/;$(LazarusDir)/lcl/units/$(TargetCPU)-$(TargetOS)/$(LCLWidgetType)/;$(LazarusDir)/components/codetools/units/$(TargetCPU)-$(TargetOS)/;$(LazarusDir)/components/custom/;$(LazarusDir)/packager/units/$(TargetCPU)-$(TargetOS)/"/>
      <LCLWidgetType Value="gtk2"/>
    </SearchPaths>
    <Parsing>
      <SyntaxOptions>
        <UseAnsiStrings Value="True"/>
      </SyntaxOptions>
    </Parsing>
    <CodeGeneration>
      <SmartLinkUnit Value="True"/>
      <TargetOS Value="Linux"/>
    </CodeGeneration>
    <Linking>
      <Debugging>
        <UseLineInfoUnit Value="False"/>
      </Debugging>
      <LinkSmart Value="True"/>
    </Linking>
    <Other>
      <CompilerPath Value="$(CompPath)"/>
    </Other>
  </CompilerOptions>
  <Debugging>
    <Exceptions Count="2">
      <Item1>
        <Name Value="ECodetoolError"/>
      </Item1>
      <Item2>
        <Name Value="EFOpenError"/>
      </Item2>
    </Exceptions>
  </Debugging>
</CONFIG>
