<?xml version="1.0"?>
<CONFIG>
  <ProjectOptions>
    <Version Value="7"/>
    <General>
      <Flags>
        <SaveClosedFiles Value="False"/>
        <SaveOnlyProjectUnits Value="True"/>
        <MainUnitHasUsesSectionForAllUnits Value="False"/>
        <LRSInOutputDirectory Value="False"/>
      </Flags>
      <SessionStorage Value="InIDEConfig"/>
      <MainUnit Value="0"/>
      <TargetFileExt Value=""/>
      <UseAppBundle Value="False"/>
    </General>
    <i18n>
      <OutDir Value="../po"/>
    </i18n>
    <VersionInfo>
      <UseVersionInfo Value="True"/>
      <CurrentMajorRevNr Value="2"/>
      <CurrentMinorRevNr Value="1"/>
      <CurrentBuildNr Value="2"/>
      <ProjectVersion Value="0.2.1.2"/>
      <Language Value="0407"/>
      <CharSet Value="04B0"/>
    </VersionInfo>
    <PublishOptions>
      <Version Value="2"/>
      <IgnoreBinaries Value="False"/>
      <IncludeFileFilter Value="*.(pas|pp|inc|lfm|lpr|lrs|lpi|lpk|sh|xml)"/>
      <ExcludeFileFilter Value="*.(bak|ppu|ppw|o|so);*~;backup"/>
    </PublishOptions>
    <RunParams>
      <local>
        <FormatVersion Value="1"/>
        <LaunchingApplication PathPlusParams="/usr/X11R6/bin/xterm -T 'Lazarus Run Output' -e $(LazarusDir)/tools/runwait.sh $(TargetCmdLine)"/>
      </local>
    </RunParams>
    <RequiredPackages Count="2">
      <Item1>
        <PackageName Value="LazOpenGLContext"/>
      </Item1>
      <Item2>
        <PackageName Value="LCL"/>
      </Item2>
    </RequiredPackages>
    <Units Count="28">
      <Unit0>
        <Filename Value="mocca.lpr"/>
        <IsPartOfProject Value="True"/>
        <UnitName Value="mocca"/>
      </Unit0>
      <Unit1>
        <Filename Value="mocmain.pas"/>
        <IsPartOfProject Value="True"/>
        <ComponentName Value="MainForm"/>
        <ResourceBaseClass Value="Form"/>
        <UnitName Value="mocmain"/>
      </Unit1>
      <Unit2>
        <Filename Value="emc2pas.pas"/>
        <IsPartOfProject Value="True"/>
        <UnitName Value="emc2pas"/>
      </Unit2>
      <Unit3>
        <Filename Value="mocemc.pas"/>
        <IsPartOfProject Value="True"/>
        <UnitName Value="mocemc"/>
      </Unit3>
      <Unit4>
        <Filename Value="mocstatusdlg.pas"/>
        <IsPartOfProject Value="True"/>
        <ComponentName Value="StatusDlgForm"/>
        <ResourceBaseClass Value="Form"/>
        <UnitName Value="mocstatusdlg"/>
      </Unit4>
      <Unit5>
        <Filename Value="mocjoints.pas"/>
        <IsPartOfProject Value="True"/>
        <UnitName Value="mocjoints"/>
      </Unit5>
      <Unit6>
        <Filename Value="mocglb.pas"/>
        <IsPartOfProject Value="True"/>
        <UnitName Value="mocglb"/>
      </Unit6>
      <Unit7>
        <Filename Value="mocini.pas"/>
        <IsPartOfProject Value="True"/>
        <UnitName Value="mocini"/>
      </Unit7>
      <Unit8>
        <Filename Value="mocca.inc"/>
        <IsPartOfProject Value="True"/>
      </Unit8>
      <Unit9>
        <Filename Value="jogclient.pas"/>
        <IsPartOfProject Value="True"/>
        <ComponentName Value="JogClientForm"/>
        <ResourceBaseClass Value="Form"/>
        <UnitName Value="jogclient"/>
      </Unit9>
      <Unit10>
        <Filename Value="runclient.pas"/>
        <IsPartOfProject Value="True"/>
        <ComponentName Value="RunClientForm"/>
        <ResourceBaseClass Value="Form"/>
        <UnitName Value="runclient"/>
      </Unit10>
      <Unit11>
        <Filename Value="mdiclient.pas"/>
        <IsPartOfProject Value="True"/>
        <ComponentName Value="MDIClientForm"/>
        <ResourceBaseClass Value="Form"/>
        <UnitName Value="mdiclient"/>
      </Unit11>
      <Unit12>
        <Filename Value="simclient.pas"/>
        <IsPartOfProject Value="True"/>
        <ComponentName Value="SimClientForm"/>
        <ResourceBaseClass Value="Form"/>
        <UnitName Value="simclient"/>
      </Unit12>
      <Unit13>
        <Filename Value="gllist.pas"/>
        <IsPartOfProject Value="True"/>
        <UnitName Value="gllist"/>
      </Unit13>
      <Unit14>
        <Filename Value="glcanon.pas"/>
        <IsPartOfProject Value="True"/>
        <UnitName Value="glcanon"/>
      </Unit14>
      <Unit15>
        <Filename Value="touchoff.pas"/>
        <IsPartOfProject Value="True"/>
        <ComponentName Value="TouchOffDlg"/>
        <ResourceBaseClass Value="Form"/>
        <UnitName Value="touchoff"/>
      </Unit15>
      <Unit16>
        <Filename Value="offsetdlg.pas"/>
        <IsPartOfProject Value="True"/>
        <ComponentName Value="OffsetsDlg"/>
        <ResourceBaseClass Value="Form"/>
        <UnitName Value="offsetdlg"/>
      </Unit16>
      <Unit17>
        <Filename Value="tooleditdlg.pas"/>
        <IsPartOfProject Value="True"/>
        <ComponentName Value="ToolDlg"/>
        <ResourceBaseClass Value="Form"/>
        <UnitName Value="tooleditdlg"/>
      </Unit17>
      <Unit18>
        <Filename Value="toolchange.pas"/>
        <IsPartOfProject Value="True"/>
        <ComponentName Value="ToolChgDlg"/>
        <ResourceBaseClass Value="Form"/>
        <UnitName Value="toolchange"/>
      </Unit18>
      <Unit19>
        <Filename Value="mocbtn.pas"/>
        <IsPartOfProject Value="True"/>
        <UnitName Value="mocbtn"/>
      </Unit19>
      <Unit20>
        <Filename Value="mocglb.inc"/>
        <IsPartOfProject Value="True"/>
      </Unit20>
      <Unit21>
        <Filename Value="hal.pas"/>
        <IsPartOfProject Value="True"/>
        <UnitName Value="hal"/>
      </Unit21>
      <Unit22>
        <Filename Value="emcint.pas"/>
        <IsPartOfProject Value="True"/>
        <UnitName Value="emcint"/>
      </Unit22>
      <Unit23>
        <Filename Value="partaligndlg.pas"/>
        <IsPartOfProject Value="True"/>
        <ComponentName Value="PartAlgnDlg"/>
        <ResourceBaseClass Value="Form"/>
        <UnitName Value="partaligndlg"/>
      </Unit23>
      <Unit24>
        <Filename Value="scripts.pas"/>
        <IsPartOfProject Value="True"/>
        <UnitName Value="scripts"/>
      </Unit24>
      <Unit25>
        <Filename Value="logger.pas"/>
        <IsPartOfProject Value="True"/>
        <UnitName Value="logger"/>
      </Unit25>
      <Unit26>
        <Filename Value="setup.pas"/>
        <IsPartOfProject Value="True"/>
        <ComponentName Value="SetupDlg"/>
        <ResourceBaseClass Value="Form"/>
        <UnitName Value="setup"/>
      </Unit26>
      <Unit27>
        <Filename Value="emcmsgbox.pas"/>
        <IsPartOfProject Value="True"/>
        <ComponentName Value="MsgForm"/>
        <ResourceBaseClass Value="Form"/>
        <UnitName Value="emcmsgbox"/>
      </Unit27>
    </Units>
  </ProjectOptions>
  <CompilerOptions>
    <Version Value="8"/>
    <SearchPaths>
      <Libraries Value="/home/gtom/emc/lib/;/home/gtom/mocca/lib/"/>
      <UnitOutputDirectory Value="/home/gtom/mocca/lib"/>
      <LCLWidgetType Value="gtk2"/>
    </SearchPaths>
    <Parsing>
      <SyntaxOptions>
        <UseAnsiStrings Value="True"/>
      </SyntaxOptions>
    </Parsing>
    <CodeGeneration>
      <SmartLinkUnit Value="True"/>
      <TargetOS Value="Linux"/>
    </CodeGeneration>
    <Linking>
      <Debugging>
        <UseLineInfoUnit Value="False"/>
      </Debugging>
      <LinkSmart Value="True"/>
    </Linking>
    <Other>
      <CompilerPath Value="$(CompPath)"/>
    </Other>
  </CompilerOptions>
</CONFIG>
