<?xml version="1.0"?>
<CONFIG>
  <ProjectOptions>
    <Version Value="7"/>
    <General>
      <Flags>
        <LRSInOutputDirectory Value="False"/>
      </Flags>
      <MainUnit Value="0"/>
      <TargetFileExt Value=""/>
      <Title Value="mocca"/>
      <UseAppBundle Value="False"/>
      <ActiveEditorIndexAtStart Value="9"/>
    </General>
    <VersionInfo>
      <ProjectVersion Value=""/>
    </VersionInfo>
    <PublishOptions>
      <Version Value="2"/>
      <IgnoreBinaries Value="False"/>
      <IncludeFileFilter Value="*.(pas|pp|inc|lfm|lpr|lrs|lpi|lpk|sh|xml)"/>
      <ExcludeFileFilter Value="*.(bak|ppu|ppw|o|so);*~;backup"/>
    </PublishOptions>
    <RunParams>
      <local>
        <FormatVersion Value="1"/>
        <LaunchingApplication PathPlusParams="/usr/X11R6/bin/xterm -T 'Lazarus Run Output' -e $(LazarusDir)/tools/runwait.sh $(TargetCmdLine)"/>
      </local>
    </RunParams>
    <RequiredPackages Count="2">
      <Item1>
        <PackageName Value="LazOpenGLContext"/>
        <MinVersion Release="1" Valid="True"/>
      </Item1>
      <Item2>
        <PackageName Value="LCL"/>
      </Item2>
    </RequiredPackages>
    <Units Count="85">
      <Unit0>
        <Filename Value="mocca.lpr"/>
        <IsPartOfProject Value="True"/>
        <UnitName Value="mocca"/>
        <CursorPos X="4" Y="14"/>
        <TopLine Value="1"/>
        <EditorIndex Value="0"/>
        <UsageCount Value="205"/>
        <Loaded Value="True"/>
      </Unit0>
      <Unit1>
        <Filename Value="mocmain.pas"/>
        <IsPartOfProject Value="True"/>
        <ComponentName Value="MainForm"/>
        <ResourceBaseClass Value="Form"/>
        <UnitName Value="mocmain"/>
        <CursorPos X="11" Y="77"/>
        <TopLine Value="51"/>
        <EditorIndex Value="7"/>
        <UsageCount Value="205"/>
        <Loaded Value="True"/>
      </Unit1>
      <Unit2>
        <Filename Value="emc2pas.pas"/>
        <IsPartOfProject Value="True"/>
        <UnitName Value="emc2pas"/>
        <CursorPos X="28" Y="260"/>
        <TopLine Value="235"/>
        <UsageCount Value="205"/>
      </Unit2>
      <Unit3>
        <Filename Value="../emcpas.cc"/>
        <CursorPos X="12" Y="224"/>
        <TopLine Value="193"/>
        <UsageCount Value="1"/>
        <SyntaxHighlighter Value="C++"/>
      </Unit3>
      <Unit4>
        <Filename Value="../emcpas.h"/>
        <CursorPos X="40" Y="72"/>
        <TopLine Value="53"/>
        <UsageCount Value="1"/>
        <SyntaxHighlighter Value="C++"/>
      </Unit4>
      <Unit5>
        <Filename Value="mocemc.pas"/>
        <IsPartOfProject Value="True"/>
        <UnitName Value="mocemc"/>
        <CursorPos X="10" Y="61"/>
        <TopLine Value="47"/>
        <UsageCount Value="200"/>
      </Unit5>
      <Unit6>
        <Filename Value="../../emc2-dev/src/emc/usr_intf/touchy/emc_interface.py"/>
        <CursorPos X="23" Y="60"/>
        <TopLine Value="7"/>
        <UsageCount Value="3"/>
        <SyntaxHighlighter Value="Python"/>
      </Unit6>
      <Unit7>
        <Filename Value="../mocca_main.lfm"/>
        <CursorPos X="43" Y="4"/>
        <TopLine Value="1"/>
        <UsageCount Value="10"/>
        <SyntaxHighlighter Value="LFM"/>
      </Unit7>
      <Unit8>
        <Filename Value="../../emc2-dev/src/emc/usr_intf/touchy/touchy.py"/>
        <CursorPos X="32" Y="1"/>
        <TopLine Value="1"/>
        <UsageCount Value="10"/>
        <SyntaxHighlighter Value="Python"/>
      </Unit8>
      <Unit9>
        <Filename Value="../preview/dropanel.pas"/>
        <UnitName Value="DroPanel"/>
        <CursorPos X="6" Y="13"/>
        <TopLine Value="1"/>
        <UsageCount Value="10"/>
      </Unit9>
      <Unit10>
        <Filename Value="../../../../usr/lib/lazarus/lcl/extctrls.pp"/>
        <UnitName Value="ExtCtrls"/>
        <CursorPos X="16" Y="1149"/>
        <TopLine Value="1124"/>
        <UsageCount Value="10"/>
      </Unit10>
      <Unit11>
        <Filename Value="../../../../usr/share/fpcsrc/rtl/objpas/sysutils/osutilsh.inc"/>
        <CursorPos X="11" Y="25"/>
        <TopLine Value="1"/>
        <UsageCount Value="1"/>
      </Unit11>
      <Unit12>
        <Filename Value="../../emc2-dev/src/emc/usr_intf/xemc.cc"/>
        <CursorPos X="15" Y="1736"/>
        <TopLine Value="1744"/>
        <UsageCount Value="4"/>
        <SyntaxHighlighter Value="C++"/>
      </Unit12>
      <Unit13>
        <Filename Value="mocstatusdlg.pas"/>
        <IsPartOfProject Value="True"/>
        <ComponentName Value="StatusDlgForm"/>
        <ResourceBaseClass Value="Form"/>
        <UnitName Value="mocstatusdlg"/>
        <CursorPos X="17" Y="5"/>
        <TopLine Value="1"/>
        <UsageCount Value="200"/>
      </Unit13>
      <Unit14>
        <Filename Value="../../../../usr/share/fpcsrc/rtl/objpas/sysutils/syspchh.inc"/>
        <CursorPos X="10" Y="25"/>
        <TopLine Value="1"/>
        <UsageCount Value="10"/>
      </Unit14>
      <Unit15>
        <Filename Value="../../../../usr/share/fpcsrc/rtl/objpas/sysutils/sysstrh.inc"/>
        <CursorPos X="10" Y="74"/>
        <TopLine Value="48"/>
        <UsageCount Value="9"/>
      </Unit15>
      <Unit16>
        <Filename Value="homedlg.pas"/>
        <ComponentName Value="HomeDlgForm"/>
        <UnitName Value="HomeDlg"/>
        <CursorPos X="12" Y="55"/>
        <TopLine Value="55"/>
        <UsageCount Value="28"/>
      </Unit16>
      <Unit17>
        <Filename Value="../../../../usr/lib/lazarus/lcl/controls.pp"/>
        <UnitName Value="Controls"/>
        <CursorPos X="19" Y="1401"/>
        <TopLine Value="1365"/>
        <UsageCount Value="10"/>
      </Unit17>
      <Unit18>
        <Filename Value="softbuttons.pas"/>
        <UnitName Value="softbuttons"/>
        <CursorPos X="1" Y="18"/>
        <TopLine Value="1"/>
        <UsageCount Value="43"/>
      </Unit18>
      <Unit19>
        <Filename Value="../../../../usr/lib/lazarus/lcl/buttons.pp"/>
        <UnitName Value="Buttons"/>
        <CursorPos X="3" Y="288"/>
        <TopLine Value="1"/>
        <UsageCount Value="10"/>
      </Unit19>
      <Unit20>
        <Filename Value="preview.pas"/>
        <UnitName Value="preview"/>
        <CursorPos X="12" Y="1"/>
        <TopLine Value="1"/>
        <UsageCount Value="40"/>
      </Unit20>
      <Unit21>
        <Filename Value="moctask.pas"/>
        <UnitName Value="moctask"/>
        <CursorPos X="3" Y="11"/>
        <TopLine Value="1"/>
        <UsageCount Value="10"/>
      </Unit21>
      <Unit22>
        <Filename Value="emcpas.cc"/>
        <CursorPos X="108" Y="11"/>
        <TopLine Value="1"/>
        <UsageCount Value="33"/>
        <SyntaxHighlighter Value="C++"/>
      </Unit22>
      <Unit23>
        <Filename Value="mocjoints.pas"/>
        <IsPartOfProject Value="True"/>
        <UnitName Value="mocjoints"/>
        <CursorPos X="17" Y="125"/>
        <TopLine Value="107"/>
        <UsageCount Value="202"/>
      </Unit23>
      <Unit24>
        <Filename Value="../../../../usr/share/fpcsrc/rtl/objpas/classes/classesh.inc"/>
        <CursorPos X="22" Y="472"/>
        <TopLine Value="483"/>
        <UsageCount Value="1"/>
      </Unit24>
      <Unit25>
        <Filename Value="moc_hal.pas"/>
        <UnitName Value="moc_hal"/>
        <CursorPos X="52" Y="31"/>
        <TopLine Value="1"/>
        <UsageCount Value="75"/>
      </Unit25>
      <Unit26>
        <Filename Value="moc_haldlg.pas"/>
        <ComponentName Value="HalForm"/>
        <UnitName Value="moc_haldlg"/>
        <CursorPos X="39" Y="46"/>
        <TopLine Value="3"/>
        <UsageCount Value="75"/>
      </Unit26>
      <Unit27>
        <Filename Value="../../../../usr/share/fpcsrc/rtl/unix/cwstring.pp"/>
        <UnitName Value="cwstring"/>
        <CursorPos X="1" Y="384"/>
        <TopLine Value="338"/>
        <UsageCount Value="1"/>
      </Unit27>
      <Unit28>
        <Filename Value="sim.pas"/>
        <UnitName Value="sim"/>
        <CursorPos X="11" Y="143"/>
        <TopLine Value="85"/>
        <UsageCount Value="68"/>
      </Unit28>
      <Unit29>
        <Filename Value="linecode.pas"/>
        <UnitName Value="linecode"/>
        <CursorPos X="1" Y="13"/>
        <TopLine Value="1"/>
        <UsageCount Value="68"/>
      </Unit29>
      <Unit30>
        <Filename Value="../sim/unit1.pas"/>
        <ComponentName Value="Form1"/>
        <HasResources Value="True"/>
        <UnitName Value="Unit1"/>
        <CursorPos X="32" Y="30"/>
        <TopLine Value="15"/>
        <UsageCount Value="9"/>
      </Unit30>
      <Unit31>
        <Filename Value="../sim/project1"/>
        <CursorPos X="1" Y="1"/>
        <TopLine Value="1"/>
        <UsageCount Value="5"/>
        <SyntaxHighlighter Value="None"/>
      </Unit31>
      <Unit32>
        <Filename Value="mocglb.pas"/>
        <IsPartOfProject Value="True"/>
        <UnitName Value="mocglb"/>
        <CursorPos X="29" Y="283"/>
        <TopLine Value="271"/>
        <UsageCount Value="202"/>
      </Unit32>
      <Unit33>
        <Filename Value="moctypes.pas"/>
        <UnitName Value="moctypes"/>
        <CursorPos X="1" Y="4"/>
        <TopLine Value="1"/>
        <UsageCount Value="48"/>
      </Unit33>
      <Unit34>
        <Filename Value="mocconsts.pas"/>
        <UnitName Value="mocconsts"/>
        <CursorPos X="1" Y="7"/>
        <TopLine Value="1"/>
        <UsageCount Value="48"/>
      </Unit34>
      <Unit35>
        <Filename Value="mocini.pas"/>
        <IsPartOfProject Value="True"/>
        <UnitName Value="mocini"/>
        <CursorPos X="1" Y="5"/>
        <TopLine Value="1"/>
        <UsageCount Value="202"/>
      </Unit35>
      <Unit36>
        <Filename Value="mocca.inc"/>
        <IsPartOfProject Value="True"/>
        <CursorPos X="2" Y="8"/>
        <TopLine Value="1"/>
        <EditorIndex Value="9"/>
        <UsageCount Value="200"/>
        <Loaded Value="True"/>
      </Unit36>
      <Unit37>
        <Filename Value="../../../../usr/lib/lazarus/lcl/comctrls.pp"/>
        <UnitName Value="ComCtrls"/>
        <CursorPos X="29" Y="225"/>
        <TopLine Value="204"/>
        <UsageCount Value="10"/>
      </Unit37>
      <Unit38>
        <Filename Value="../../../../usr/lib/lazarus/lcl/include/pagecontrol.inc"/>
        <CursorPos X="1" Y="1"/>
        <TopLine Value="1"/>
        <UsageCount Value="10"/>
      </Unit38>
      <Unit39>
        <Filename Value="../../../../usr/lib/lazarus/lcl/include/customnotebook.inc"/>
        <CursorPos X="56" Y="256"/>
        <TopLine Value="23"/>
        <UsageCount Value="1"/>
      </Unit39>
      <Unit40>
        <Filename Value="../../../../usr/lib/lazarus/lcl/interfaces/gtk/gtkpagecallback.inc"/>
        <CursorPos X="4" Y="41"/>
        <TopLine Value="14"/>
        <UsageCount Value="7"/>
      </Unit40>
      <Unit41>
        <Filename Value="../../../../usr/lib/lazarus/lcl/interfaces/gtk/gtkcallback.inc"/>
        <CursorPos X="6" Y="2669"/>
        <TopLine Value="2801"/>
        <UsageCount Value="8"/>
      </Unit41>
      <Unit42>
        <Filename Value="jogclient.pas"/>
        <IsPartOfProject Value="True"/>
        <ComponentName Value="JogClientForm"/>
        <ResourceBaseClass Value="Form"/>
        <UnitName Value="jogclient"/>
        <CursorPos X="39" Y="134"/>
        <TopLine Value="124"/>
        <UsageCount Value="200"/>
      </Unit42>
      <Unit43>
        <Filename Value="runclient.pas"/>
        <IsPartOfProject Value="True"/>
        <ComponentName Value="RunClientForm"/>
        <ResourceBaseClass Value="Form"/>
        <UnitName Value="runclient"/>
        <CursorPos X="49" Y="338"/>
        <TopLine Value="21"/>
        <EditorIndex Value="2"/>
        <UsageCount Value="200"/>
        <Loaded Value="True"/>
      </Unit43>
      <Unit44>
        <Filename Value="mdiclient.pas"/>
        <IsPartOfProject Value="True"/>
        <ComponentName Value="MDIClientForm"/>
        <ResourceBaseClass Value="Form"/>
        <UnitName Value="mdiclient"/>
        <CursorPos X="76" Y="83"/>
        <TopLine Value="71"/>
        <UsageCount Value="200"/>
      </Unit44>
      <Unit45>
        <Filename Value="simclient.pas"/>
        <IsPartOfProject Value="True"/>
        <ComponentName Value="SimClientForm"/>
        <ResourceBaseClass Value="Form"/>
        <UnitName Value="simclient"/>
        <CursorPos X="10" Y="230"/>
        <TopLine Value="1"/>
        <EditorIndex Value="8"/>
        <UsageCount Value="200"/>
        <Loaded Value="True"/>
      </Unit45>
      <Unit46>
        <Filename Value="../tests/preview1.pas"/>
        <ComponentName Value="Form1"/>
        <HasResources Value="True"/>
        <UnitName Value="preview1"/>
        <CursorPos X="19" Y="9"/>
        <TopLine Value="1"/>
        <UsageCount Value="10"/>
      </Unit46>
      <Unit47>
        <Filename Value="gllist.pas"/>
        <IsPartOfProject Value="True"/>
        <UnitName Value="gllist"/>
        <CursorPos X="15" Y="168"/>
        <TopLine Value="129"/>
        <EditorIndex Value="6"/>
        <UsageCount Value="200"/>
        <Loaded Value="True"/>
      </Unit47>
      <Unit48>
        <Filename Value="glview.pas"/>
        <IsPartOfProject Value="True"/>
        <UnitName Value="glview"/>
        <CursorPos X="43" Y="94"/>
        <TopLine Value="1"/>
        <EditorIndex Value="3"/>
        <UsageCount Value="200"/>
        <Loaded Value="True"/>
      </Unit48>
      <Unit49>
        <Filename Value="glcanon.pas"/>
        <IsPartOfProject Value="True"/>
        <UnitName Value="glcanon"/>
        <CursorPos X="8" Y="12"/>
        <TopLine Value="1"/>
        <EditorIndex Value="1"/>
        <UsageCount Value="200"/>
        <Loaded Value="True"/>
      </Unit49>
      <Unit50>
        <Filename Value="../pv/glclient.pas"/>
        <ComponentName Value="Form1"/>
        <HasResources Value="True"/>
        <UnitName Value="glclient"/>
        <CursorPos X="30" Y="63"/>
        <TopLine Value="1"/>
        <UsageCount Value="9"/>
      </Unit50>
      <Unit51>
        <Filename Value="../../../../usr/share/fpcsrc/packages/extra/opengl/glu.pp"/>
        <UnitName Value="GLu"/>
        <CursorPos X="38" Y="124"/>
        <TopLine Value="103"/>
        <UsageCount Value="10"/>
      </Unit51>
      <Unit52>
        <Filename Value="../../emc2/configs/sim/mocca.ini"/>
        <CursorPos X="28" Y="26"/>
        <TopLine Value="1"/>
        <UsageCount Value="9"/>
        <SyntaxHighlighter Value="None"/>
      </Unit52>
      <Unit53>
        <Filename Value="../../emc2/configs/sim/xemc.ini"/>
        <CursorPos X="48" Y="10"/>
        <TopLine Value="13"/>
        <UsageCount Value="9"/>
        <SyntaxHighlighter Value="None"/>
      </Unit53>
      <Unit54>
        <Filename Value="simcanon.cc"/>
        <CursorPos X="22" Y="160"/>
        <TopLine Value="140"/>
        <UsageCount Value="28"/>
        <SyntaxHighlighter Value="C++"/>
      </Unit54>
      <Unit55>
        <Filename Value="glview_old.pas"/>
        <UnitName Value="glview"/>
        <CursorPos X="32" Y="95"/>
        <TopLine Value="73"/>
        <UsageCount Value="9"/>
      </Unit55>
      <Unit56>
        <Filename Value="../../emc2/configs/sim/axis_mm.ini"/>
        <CursorPos X="1" Y="35"/>
        <TopLine Value="9"/>
        <UsageCount Value="1"/>
        <SyntaxHighlighter Value="None"/>
      </Unit56>
      <Unit57>
        <Filename Value="../../../../usr/share/fpcsrc/rtl/inc/varianth.inc"/>
        <CursorPos X="10" Y="455"/>
        <TopLine Value="426"/>
        <UsageCount Value="9"/>
      </Unit57>
      <Unit58>
        <Filename Value="touchoff.pas"/>
        <IsPartOfProject Value="True"/>
        <ComponentName Value="TouchOffDlg"/>
        <ResourceBaseClass Value="Form"/>
        <UnitName Value="touchoff"/>
        <CursorPos X="55" Y="8"/>
        <TopLine Value="1"/>
        <UsageCount Value="36"/>
      </Unit58>
      <Unit59>
        <Filename Value="../../../../usr/share/fpcsrc/2.2.4/rtl/inc/varianth.inc"/>
        <CursorPos X="10" Y="457"/>
        <TopLine Value="62"/>
        <UsageCount Value="7"/>
      </Unit59>
      <Unit60>
        <Filename Value="../../../../usr/share/fpcsrc/2.2.4/rtl/objpas/sysutils/sysstrh.inc"/>
        <CursorPos X="20" Y="166"/>
        <TopLine Value="193"/>
        <UsageCount Value="9"/>
      </Unit60>
      <Unit61>
        <Filename Value="editordlg.pas"/>
        <IsPartOfProject Value="True"/>
        <ComponentName Value="EditorDlg"/>
        <UnitName Value="editordlg"/>
        <CursorPos X="13" Y="11"/>
        <TopLine Value="1"/>
        <UsageCount Value="200"/>
      </Unit61>
      <Unit62>
        <Filename Value="../../../../usr/lib/lazarus/0.9.28.2/lcl/forms.pp"/>
        <UnitName Value="Forms"/>
        <CursorPos X="21" Y="54"/>
        <TopLine Value="34"/>
        <UsageCount Value="3"/>
      </Unit62>
      <Unit63>
        <Filename Value="offsetdlg.pas"/>
        <IsPartOfProject Value="True"/>
        <ComponentName Value="OffsetsDlg"/>
        <ResourceBaseClass Value="Form"/>
        <UnitName Value="offsetdlg"/>
        <CursorPos X="49" Y="95"/>
        <TopLine Value="51"/>
        <UsageCount Value="200"/>
      </Unit63>
      <Unit64>
        <Filename Value="../../../../usr/share/fpcsrc/2.2.4/rtl/objpas/classes/classesh.inc"/>
        <CursorPos X="23" Y="704"/>
        <TopLine Value="654"/>
        <UsageCount Value="2"/>
      </Unit64>
      <Unit65>
        <Filename Value="emcpas.h"/>
        <CursorPos X="22" Y="17"/>
        <TopLine Value="1"/>
        <UsageCount Value="7"/>
        <SyntaxHighlighter Value="C++"/>
      </Unit65>
      <Unit66>
        <Filename Value="../../mocca.1/src/simcanon.cc"/>
        <CursorPos X="47" Y="16"/>
        <TopLine Value="1"/>
        <UsageCount Value="3"/>
        <SyntaxHighlighter Value="C++"/>
      </Unit66>
      <Unit67>
        <Filename Value="../../emc2/configs/sim/sim_mm.var"/>
        <CursorPos X="1" Y="1"/>
        <TopLine Value="1"/>
        <UsageCount Value="7"/>
        <SyntaxHighlighter Value="None"/>
      </Unit67>
      <Unit68>
        <Filename Value="../opengl/glxcontext.pas"/>
        <UnitName Value="glxcontext"/>
        <CursorPos X="25" Y="17"/>
        <TopLine Value="1"/>
        <EditorIndex Value="5"/>
        <UsageCount Value="13"/>
        <Loaded Value="True"/>
      </Unit68>
      <Unit69>
        <Filename Value="../../../../usr/lib/lazarus/0.9.28.2/lcl/lconvencoding.pas"/>
        <UnitName Value="LConvEncoding"/>
        <CursorPos X="91" Y="25"/>
        <TopLine Value="4"/>
        <UsageCount Value="7"/>
      </Unit69>
      <Unit70>
        <Filename Value="../../../../usr/share/fpcsrc/2.2.4/packages/fcl-db/src/sqldb/interbase/ibconnection.pp"/>
        <UnitName Value="IBConnection"/>
        <CursorPos X="3" Y="12"/>
        <TopLine Value="1"/>
        <UsageCount Value="7"/>
      </Unit70>
      <Unit71>
        <Filename Value="tooleditdlg.pas"/>
        <IsPartOfProject Value="True"/>
        <ComponentName Value="ToolDlg"/>
        <ResourceBaseClass Value="Form"/>
        <UnitName Value="tooleditdlg"/>
        <CursorPos X="9" Y="41"/>
        <TopLine Value="27"/>
        <UsageCount Value="90"/>
      </Unit71>
      <Unit72>
        <Filename Value="../../emc2/configs/sim/sim.tbl"/>
        <CursorPos X="1" Y="2"/>
        <TopLine Value="1"/>
        <UsageCount Value="13"/>
        <SyntaxHighlighter Value="None"/>
      </Unit72>
      <Unit73>
        <Filename Value="../../emc2/configs/sim/lathe.tbl"/>
        <CursorPos X="1" Y="1"/>
        <TopLine Value="1"/>
        <UsageCount Value="8"/>
        <SyntaxHighlighter Value="None"/>
      </Unit73>
      <Unit74>
        <Filename Value="spindleclient.pas"/>
        <ComponentName Value="SpindleClientForm"/>
        <ResourceBaseClass Value="Form"/>
        <UnitName Value="spindleclient"/>
        <CursorPos X="49" Y="16"/>
        <TopLine Value="1"/>
        <UsageCount Value="20"/>
      </Unit74>
      <Unit75>
        <Filename Value="../opengl/glcontext.pas"/>
        <UnitName Value="glcontext"/>
        <CursorPos X="58" Y="112"/>
        <TopLine Value="1"/>
        <UsageCount Value="30"/>
      </Unit75>
      <Unit76>
        <Filename Value="../../../../usr/lib/lazarus/0.9.28.2/components/opengl/glgtkglxcontext.pas"/>
        <UnitName Value="GLGtkGlxContext"/>
        <CursorPos X="1" Y="1"/>
        <TopLine Value="1"/>
        <UsageCount Value="9"/>
      </Unit76>
      <Unit77>
        <Filename Value="../../../../usr/share/fpcsrc/2.2.4/packages/opengl/src/glu.pp"/>
        <UnitName Value="GLu"/>
        <CursorPos X="1" Y="1"/>
        <TopLine Value="51"/>
        <UsageCount Value="9"/>
      </Unit77>
      <Unit78>
        <Filename Value="../../../../usr/share/fpcsrc/2.2.4/packages/opengl/src/gl.pp"/>
        <UnitName Value="GL"/>
        <CursorPos X="1" Y="1"/>
        <TopLine Value="1"/>
        <UsageCount Value="9"/>
      </Unit78>
      <Unit79>
        <Filename Value="../../../../usr/lib/lazarus/0.9.28.2/components/opengl/openglcontext.pas"/>
        <UnitName Value="OpenGLContext"/>
        <CursorPos X="11" Y="60"/>
        <TopLine Value="1"/>
        <UsageCount Value="9"/>
      </Unit79>
      <Unit80>
        <Filename Value="../../../../usr/lib/lazarus/0.9.28.2/lcl/interfaces/gtk2/gtk2int.pas"/>
        <UnitName Value="Gtk2Int"/>
        <CursorPos X="1" Y="1"/>
        <TopLine Value="1"/>
        <UsageCount Value="9"/>
      </Unit80>
      <Unit81>
        <Filename Value="../../../../usr/lib/lazarus/0.9.28.2/lcl/interfaces/fpgui/fpguiint.pp"/>
        <UnitName Value="fpguiint"/>
        <CursorPos X="60" Y="6"/>
        <TopLine Value="1"/>
        <UsageCount Value="9"/>
      </Unit81>
      <Unit82>
        <Filename Value="../../../../usr/lib/lazarus/0.9.28.2/lcl/stdctrls.pp"/>
        <UnitName Value="StdCtrls"/>
        <CursorPos X="14" Y="883"/>
        <TopLine Value="866"/>
        <UsageCount Value="9"/>
      </Unit82>
      <Unit83>
        <Filename Value="../../../../usr/share/fpcsrc/2.2.4/rtl/objpas/sysutils/sysinth.inc"/>
        <CursorPos X="3" Y="33"/>
        <TopLine Value="1"/>
        <UsageCount Value="9"/>
      </Unit83>
      <Unit84>
        <Filename Value="glcontext.pas"/>
        <UnitName Value="glcontext"/>
        <CursorPos X="7" Y="13"/>
        <TopLine Value="1"/>
        <EditorIndex Value="4"/>
        <UsageCount Value="11"/>
        <Loaded Value="True"/>
      </Unit84>
    </Units>
    <JumpHistory Count="29" HistoryIndex="28">
      <Position1>
        <Filename Value="mocca.lpr"/>
        <Caret Line="28" Column="35" TopLine="18"/>
      </Position1>
      <Position2>
        <Filename Value="mocca.lpr"/>
        <Caret Line="82" Column="1" TopLine="1"/>
      </Position2>
      <Position3>
        <Filename Value="glview.pas"/>
        <Caret Line="384" Column="20" TopLine="352"/>
      </Position3>
      <Position4>
        <Filename Value="glview.pas"/>
        <Caret Line="104" Column="20" TopLine="78"/>
      </Position4>
      <Position5>
        <Filename Value="mocmain.pas"/>
        <Caret Line="1" Column="1" TopLine="1"/>
      </Position5>
      <Position6>
        <Filename Value="mocmain.pas"/>
        <Caret Line="344" Column="3" TopLine="308"/>
      </Position6>
      <Position7>
        <Filename Value="simclient.pas"/>
        <Caret Line="3" Column="17" TopLine="1"/>
      </Position7>
      <Position8>
        <Filename Value="runclient.pas"/>
        <Caret Line="271" Column="32" TopLine="227"/>
      </Position8>
      <Position9>
        <Filename Value="glview.pas"/>
        <Caret Line="117" Column="3" TopLine="86"/>
      </Position9>
      <Position10>
        <Filename Value="glview.pas"/>
        <Caret Line="23" Column="11" TopLine="1"/>
      </Position10>
      <Position11>
        <Filename Value="glview.pas"/>
        <Caret Line="10" Column="8" TopLine="1"/>
      </Position11>
      <Position12>
        <Filename Value="simclient.pas"/>
        <Caret Line="54" Column="50" TopLine="20"/>
      </Position12>
      <Position13>
        <Filename Value="simclient.pas"/>
        <Caret Line="46" Column="27" TopLine="20"/>
      </Position13>
      <Position14>
        <Filename Value="simclient.pas"/>
        <Caret Line="193" Column="1" TopLine="162"/>
      </Position14>
      <Position15>
        <Filename Value="simclient.pas"/>
        <Caret Line="151" Column="13" TopLine="122"/>
      </Position15>
      <Position16>
        <Filename Value="simclient.pas"/>
        <Caret Line="152" Column="6" TopLine="127"/>
      </Position16>
      <Position17>
        <Filename Value="simclient.pas"/>
        <Caret Line="44" Column="20" TopLine="1"/>
      </Position17>
      <Position18>
        <Filename Value="glview.pas"/>
        <Caret Line="11" Column="17" TopLine="1"/>
      </Position18>
      <Position19>
        <Filename Value="glview.pas"/>
        <Caret Line="19" Column="3" TopLine="5"/>
      </Position19>
      <Position20>
        <Filename Value="glview.pas"/>
        <Caret Line="16" Column="13" TopLine="1"/>
      </Position20>
      <Position21>
        <Filename Value="glview.pas"/>
        <Caret Line="99" Column="13" TopLine="94"/>
      </Position21>
      <Position22>
        <Filename Value="glview.pas"/>
        <Caret Line="118" Column="1" TopLine="85"/>
      </Position22>
      <Position23>
        <Filename Value="glview.pas"/>
        <Caret Line="119" Column="22" TopLine="94"/>
      </Position23>
      <Position24>
        <Filename Value="simclient.pas"/>
        <Caret Line="14" Column="13" TopLine="1"/>
      </Position24>
      <Position25>
        <Filename Value="simclient.pas"/>
        <Caret Line="44" Column="6" TopLine="33"/>
      </Position25>
      <Position26>
        <Filename Value="simclient.pas"/>
        <Caret Line="167" Column="1" TopLine="135"/>
      </Position26>
      <Position27>
        <Filename Value="glview.pas"/>
        <Caret Line="6" Column="1" TopLine="1"/>
      </Position27>
      <Position28>
        <Filename Value="simclient.pas"/>
        <Caret Line="54" Column="97" TopLine="37"/>
      </Position28>
      <Position29>
        <Filename Value="simclient.pas"/>
        <Caret Line="77" Column="14" TopLine="37"/>
      </Position29>
    </JumpHistory>
  </ProjectOptions>
  <CompilerOptions>
    <Version Value="8"/>
    <SearchPaths>
      <Libraries Value="/home/gtom/emc/lib/;/home/gtom/mocca/lib/"/>
      <UnitOutputDirectory Value="/home/gtom/mocca/lib"/>
      <LCLWidgetType Value="gtk2"/>
    </SearchPaths>
    <Parsing>
      <SyntaxOptions>
        <UseAnsiStrings Value="True"/>
      </SyntaxOptions>
    </Parsing>
    <CodeGeneration>
      <SmartLinkUnit Value="True"/>
      <TargetOS Value="Linux"/>
    </CodeGeneration>
    <Linking>
      <Debugging>
        <UseLineInfoUnit Value="False"/>
      </Debugging>
      <LinkSmart Value="True"/>
    </Linking>
    <Other>
      <CompilerPath Value="$(CompPath)"/>
    </Other>
  </CompilerOptions>
  <Debugging>
    <Exceptions Count="2">
      <Item1>
        <Name Value="ECodetoolError"/>
      </Item1>
      <Item2>
        <Name Value="EFOpenError"/>
      </Item2>
    </Exceptions>
  </Debugging>
</CONFIG>
